
Microsoft Visual Studio Solution File, Format Version 12.00
# Visual Studio Version 17
VisualStudioVersion = 17.1.32414.318
MinimumVisualStudioVersion = 10.0.40219.1
Project("{9A19103F-16F7-4668-BE54-9A1E7A4F7556}") = "Jogging_Times", ".\Jogging_Times\Jogging_Times.csproj", "{815A52DA-F505-4724-9E23-F281AC3CD7BC}"
EndProject
Project("{9A19103F-16F7-4668-BE54-9A1E7A4F7556}") = "Jogging_Times.Core", ".\Jogging_Times.Core\Jogging_Times.Core.csproj", "{35BF0B89-EF47-4164-9475-72BA9CF90E3D}"
EndProject
Project("{9A19103F-16F7-4668-BE54-9A1E7A4F7556}") = "JoggingTimes.Infrastructure", ".\JoggingTimes.Infrastructure\JoggingTimes.Infrastructure.csproj", "{0BD3EC9A-39D6-4DC0-8A3A-93650ADF7AC5}"
EndProject
Global
	GlobalSection(SolutionConfigurationPlatforms) = preSolution
		Debug|Any CPU = Debug|Any CPU
		Release|Any CPU = Release|Any CPU
	EndGlobalSection
	GlobalSection(ProjectConfigurationPlatforms) = postSolution
		{815A52DA-F505-4724-9E23-F281AC3CD7BC}.Debug|Any CPU.ActiveCfg = Debug|Any CPU
		{815A52DA-F505-4724-9E23-F281AC3CD7BC}.Debug|Any CPU.Build.0 = Debug|Any CPU
		{815A52DA-F505-4724-9E23-F281AC3CD7BC}.Release|Any CPU.ActiveCfg = Release|Any CPU
		{815A52DA-F505-4724-9E23-F281AC3CD7BC}.Release|Any CPU.Build.0 = Release|Any CPU
		{35BF0B89-EF47-4164-9475-72BA9CF90E3D}.Debug|Any CPU.ActiveCfg = Debug|Any CPU
		{35BF0B89-EF47-4164-9475-72BA9CF90E3D}.Debug|Any CPU.Build.0 = Debug|Any CPU
		{35BF0B89-EF47-4164-9475-72BA9CF90E3D}.Release|Any CPU.ActiveCfg = Release|Any CPU
		{35BF0B89-EF47-4164-9475-72BA9CF90E3D}.Release|Any CPU.Build.0 = Release|Any CPU
		{0BD3EC9A-39D6-4DC0-8A3A-93650ADF7AC5}.Debug|Any CPU.ActiveCfg = Debug|Any CPU
		{0BD3EC9A-39D6-4DC0-8A3A-93650ADF7AC5}.Debug|Any CPU.Build.0 = Debug|Any CPU
		{0BD3EC9A-39D6-4DC0-8A3A-93650ADF7AC5}.Release|Any CPU.ActiveCfg = Release|Any CPU
		{0BD3EC9A-39D6-4DC0-8A3A-93650ADF7AC5}.Release|Any CPU.Build.0 = Release|Any CPU
	EndGlobalSection
	GlobalSection(SolutionProperties) = preSolution
		HideSolutionNode = FALSE
	EndGlobalSection
	GlobalSection(ExtensibilityGlobals) = postSolution
		SolutionGuid = {540751CC-33FB-4DB4-9D28-E176CD758677}
	EndGlobalSection
EndGlobal
